{
  "version": 4,
  "terraform_version": "1.5.2",
  "serial": 117,
  "lineage": "ab200841-849c-d4b2-321b-c5c4bce01c55",
  "outputs": {},
  "resources": [
    {
      "mode": "managed",
      "type": "azurerm_app_service_plan",
      "name": "demo",
      "provider": "provider[\"registry.terraform.io/hashicorp/azurerm\"]",
      "instances": [
        {
          "schema_version": 0,
          "attributes": {
            "app_service_environment_id": "",
            "id": "/subscriptions/11e07d93-b7de-44c1-b006-7218b5fb3180/resourceGroups/terraform_rg/providers/Microsoft.Web/serverfarms/terraformsnp-plan",
            "is_xenon": false,
            "kind": "linux",
            "location": "eastus",
            "maximum_elastic_worker_count": 1,
            "maximum_number_of_workers": 3,
            "name": "terraformsnp-plan",
            "per_site_scaling": false,
            "reserved": true,
            "resource_group_name": "terraform_rg",
            "sku": [
              {
                "capacity": 1,
                "size": "B1",
                "tier": "Basic"
              }
            ],
            "tags": {},
            "timeouts": null,
            "zone_redundant": false
          },
          "sensitive_attributes": [],
          "private": "eyJlMmJmYjczMC1lY2FhLTExZTYtOGY4OC0zNDM2M2JjN2M0YzAiOnsiY3JlYXRlIjozNjAwMDAwMDAwMDAwLCJkZWxldGUiOjM2MDAwMDAwMDAwMDAsInJlYWQiOjMwMDAwMDAwMDAwMCwidXBkYXRlIjozNjAwMDAwMDAwMDAwfX0=",
          "dependencies": [
            "azurerm_resource_group.rg"
          ]
        }
      ]
    },
    {
      "mode": "managed",
      "type": "azurerm_application_insights",
      "name": "appi",
      "provider": "provider[\"registry.terraform.io/hashicorp/azurerm\"]",
      "instances": [
        {
          "schema_version": 1,
          "attributes": {
            "app_id": "0a6dcf41-6139-4e45-b36e-4b4ac69d81d9",
            "application_type": "web",
            "connection_string": "InstrumentationKey=56528ad0-0198-4f94-ab66-8cb0074094f1;IngestionEndpoint=https://eastus-8.in.applicationinsights.azure.com/;LiveEndpoint=https://eastus.livediagnostics.monitor.azure.com/",
            "daily_data_cap_in_gb": 100,
            "daily_data_cap_notifications_disabled": false,
            "disable_ip_masking": false,
            "force_customer_storage_for_profiler": false,
            "id": "/subscriptions/11e07d93-b7de-44c1-b006-7218b5fb3180/resourceGroups/terraform_rg/providers/Microsoft.Insights/components/terraformsnp-appi",
            "instrumentation_key": "56528ad0-0198-4f94-ab66-8cb0074094f1",
            "internet_ingestion_enabled": true,
            "internet_query_enabled": true,
            "local_authentication_disabled": false,
            "location": "eastus",
            "name": "terraformsnp-appi",
            "resource_group_name": "terraform_rg",
            "retention_in_days": 90,
            "sampling_percentage": 100,
            "tags": {},
            "timeouts": null,
            "workspace_id": "/subscriptions/11e07d93-b7de-44c1-b006-7218b5fb3180/resourceGroups/terraform_rg/providers/Microsoft.OperationalInsights/workspaces/terraformsnp-workspace"
          },
          "sensitive_attributes": [],
          "private": "eyJlMmJmYjczMC1lY2FhLTExZTYtOGY4OC0zNDM2M2JjN2M0YzAiOnsiY3JlYXRlIjozNjAwMDAwMDAwMDAwLCJkZWxldGUiOjE4MDAwMDAwMDAwMDAsInJlYWQiOjMwMDAwMDAwMDAwMCwidXBkYXRlIjoxODAwMDAwMDAwMDAwfSwic2NoZW1hX3ZlcnNpb24iOiIxIn0=",
          "dependencies": [
            "azurerm_log_analytics_workspace.work",
            "azurerm_resource_group.rg"
          ]
        }
      ]
    },
    {
      "mode": "managed",
      "type": "azurerm_linux_web_app",
      "name": "app",
      "provider": "provider[\"registry.terraform.io/hashicorp/azurerm\"]",
      "instances": [
        {
          "schema_version": 0,
          "attributes": {
            "app_settings": {
              "APPINSIGHTS_INSTRUMENTATIONKEY": "56528ad0-0198-4f94-ab66-8cb0074094f1"
            },
            "auth_settings": [
              {
                "active_directory": [],
                "additional_login_parameters": {},
                "allowed_external_redirect_urls": [],
                "default_provider": "",
                "enabled": false,
                "facebook": [],
                "github": [],
                "google": [],
                "issuer": "",
                "microsoft": [],
                "runtime_version": "",
                "token_refresh_extension_hours": 0,
                "token_store_enabled": false,
                "twitter": [],
                "unauthenticated_client_action": ""
              }
            ],
            "backup": [],
            "client_affinity_enabled": false,
            "client_certificate_enabled": false,
            "client_certificate_mode": "Required",
            "connection_string": [
              {
                "name": "myconnection",
                "type": "SQLServer",
                "value": "Server=myserver;Database=mydatabase;User Id=myuser;Password=mypassword;"
              }
            ],
            "custom_domain_verification_id": "5BC17615403FFE9BDEEACAD22DC925CFFEA3F4B45A5A48B7E05A4D7206E46A5C",
            "default_hostname": "terraformsnp-front.azurewebsites.net",
            "enabled": true,
            "https_only": false,
            "id": "/subscriptions/11e07d93-b7de-44c1-b006-7218b5fb3180/resourceGroups/terraform_rg/providers/Microsoft.Web/sites/terraformsnp-front",
            "identity": [],
            "key_vault_reference_identity_id": "SystemAssigned",
            "kind": "app,linux",
            "location": "eastus",
            "logs": [],
            "name": "terraformsnp-front",
            "outbound_ip_address_list": [
              "20.124.136.72",
              "20.88.173.83",
              "20.124.136.98",
              "20.124.136.103",
              "20.124.136.138",
              "20.124.136.173",
              "20.119.16.1"
            ],
            "outbound_ip_addresses": "20.124.136.72,20.88.173.83,20.124.136.98,20.124.136.103,20.124.136.138,20.124.136.173,20.119.16.1",
            "possible_outbound_ip_address_list": [
              "20.124.136.72",
              "20.88.173.83",
              "20.124.136.98",
              "20.124.136.103",
              "20.124.136.138",
              "20.124.136.173",
              "20.124.136.176",
              "20.124.136.30",
              "20.124.136.199",
              "20.124.136.234",
              "20.124.137.81",
              "20.124.137.83",
              "20.120.54.108",
              "20.124.137.91",
              "20.124.137.98",
              "20.124.137.101",
              "20.81.7.239",
              "20.88.169.28",
              "20.88.169.29",
              "20.120.52.15",
              "20.124.136.32",
              "20.120.54.58",
              "20.120.55.147",
              "20.120.55.171",
              "20.119.16.1"
            ],
            "possible_outbound_ip_addresses": "20.124.136.72,20.88.173.83,20.124.136.98,20.124.136.103,20.124.136.138,20.124.136.173,20.124.136.176,20.124.136.30,20.124.136.199,20.124.136.234,20.124.137.81,20.124.137.83,20.120.54.108,20.124.137.91,20.124.137.98,20.124.137.101,20.81.7.239,20.88.169.28,20.88.169.29,20.120.52.15,20.124.136.32,20.120.54.58,20.120.55.147,20.120.55.171,20.119.16.1",
            "resource_group_name": "terraform_rg",
            "service_plan_id": "/subscriptions/11e07d93-b7de-44c1-b006-7218b5fb3180/resourceGroups/terraform_rg/providers/Microsoft.Web/serverfarms/terraformsnp-plan",
            "site_config": [
              {
                "always_on": true,
                "api_definition_url": "",
                "api_management_api_id": "",
                "app_command_line": "",
                "application_stack": [
                  {
                    "docker_image": "",
                    "docker_image_tag": "",
                    "dotnet_version": "",
                    "java_server": "",
                    "java_server_version": "",
                    "java_version": "",
                    "node_version": "",
                    "php_version": "",
                    "python_version": "",
                    "ruby_version": ""
                  }
                ],
                "auto_heal_enabled": false,
                "auto_heal_setting": [],
                "container_registry_managed_identity_client_id": "",
                "container_registry_use_managed_identity": false,
                "cors": [],
                "default_documents": [
                  "Default.htm",
                  "Default.html",
                  "Default.asp",
                  "index.htm",
                  "index.html",
                  "iisstart.htm",
                  "default.aspx",
                  "index.php",
                  "hostingstart.html"
                ],
                "detailed_error_logging_enabled": false,
                "ftps_state": "Disabled",
                "health_check_eviction_time_in_min": 0,
                "health_check_path": "",
                "http2_enabled": false,
                "ip_restriction": [],
                "linux_fx_version": "",
                "load_balancing_mode": "LeastRequests",
                "local_mysql_enabled": false,
                "managed_pipeline_mode": "Integrated",
                "minimum_tls_version": "1.2",
                "remote_debugging_enabled": false,
                "remote_debugging_version": "VS2019",
                "scm_ip_restriction": [],
                "scm_minimum_tls_version": "1.2",
                "scm_type": "None",
                "scm_use_main_ip_restriction": false,
                "use_32_bit_worker": true,
                "vnet_route_all_enabled": false,
                "websockets_enabled": false,
                "worker_count": 1
              }
            ],
            "site_credential": [
              {
                "name": "$terraformsnp-front",
                "password": "RnbiJQ9jakBm80qFZ0MAqs1s7tammtGpvuaYL38qtLgRDE2uspEAQyZQgGkd"
              }
            ],
            "storage_account": [],
            "tags": {},
            "timeouts": null
          },
          "sensitive_attributes": [
            [
              {
                "type": "get_attr",
                "value": "app_settings"
              },
              {
                "type": "index",
                "value": {
                  "value": "APPINSIGHTS_INSTRUMENTATIONKEY",
                  "type": "string"
                }
              }
            ]
          ],
          "private": "eyJlMmJmYjczMC1lY2FhLTExZTYtOGY4OC0zNDM2M2JjN2M0YzAiOnsiY3JlYXRlIjoxODAwMDAwMDAwMDAwLCJkZWxldGUiOjE4MDAwMDAwMDAwMDAsInJlYWQiOjMwMDAwMDAwMDAwMCwidXBkYXRlIjoxODAwMDAwMDAwMDAwfX0=",
          "dependencies": [
            "azurerm_app_service_plan.demo",
            "azurerm_application_insights.appi",
            "azurerm_log_analytics_workspace.work",
            "azurerm_resource_group.rg"
          ]
        }
      ]
    },
    {
      "mode": "managed",
      "type": "azurerm_linux_web_app",
      "name": "back",
      "provider": "provider[\"registry.terraform.io/hashicorp/azurerm\"]",
      "instances": [
        {
          "schema_version": 0,
          "attributes": {
            "app_settings": {},
            "auth_settings": [
              {
                "active_directory": [],
                "additional_login_parameters": {},
                "allowed_external_redirect_urls": [],
                "default_provider": "",
                "enabled": false,
                "facebook": [],
                "github": [],
                "google": [],
                "issuer": "",
                "microsoft": [],
                "runtime_version": "",
                "token_refresh_extension_hours": 0,
                "token_store_enabled": false,
                "twitter": [],
                "unauthenticated_client_action": ""
              }
            ],
            "backup": [],
            "client_affinity_enabled": false,
            "client_certificate_enabled": false,
            "client_certificate_mode": "Required",
            "connection_string": [],
            "custom_domain_verification_id": "5BC17615403FFE9BDEEACAD22DC925CFFEA3F4B45A5A48B7E05A4D7206E46A5C",
            "default_hostname": "terraformsnp-api-back.azurewebsites.net",
            "enabled": true,
            "https_only": false,
            "id": "/subscriptions/11e07d93-b7de-44c1-b006-7218b5fb3180/resourceGroups/terraform_rg/providers/Microsoft.Web/sites/terraformsnp-api-back",
            "identity": [],
            "key_vault_reference_identity_id": "SystemAssigned",
            "kind": "app,linux",
            "location": "eastus",
            "logs": [],
            "name": "terraformsnp-api-back",
            "outbound_ip_address_list": [
              "20.124.136.72",
              "20.88.173.83",
              "20.124.136.98",
              "20.124.136.103",
              "20.124.136.138",
              "20.124.136.173",
              "20.119.16.1"
            ],
            "outbound_ip_addresses": "20.124.136.72,20.88.173.83,20.124.136.98,20.124.136.103,20.124.136.138,20.124.136.173,20.119.16.1",
            "possible_outbound_ip_address_list": [
              "20.124.136.72",
              "20.88.173.83",
              "20.124.136.98",
              "20.124.136.103",
              "20.124.136.138",
              "20.124.136.173",
              "20.124.136.176",
              "20.124.136.30",
              "20.124.136.199",
              "20.124.136.234",
              "20.124.137.81",
              "20.124.137.83",
              "20.120.54.108",
              "20.124.137.91",
              "20.124.137.98",
              "20.124.137.101",
              "20.81.7.239",
              "20.88.169.28",
              "20.88.169.29",
              "20.120.52.15",
              "20.124.136.32",
              "20.120.54.58",
              "20.120.55.147",
              "20.120.55.171",
              "20.119.16.1"
            ],
            "possible_outbound_ip_addresses": "20.124.136.72,20.88.173.83,20.124.136.98,20.124.136.103,20.124.136.138,20.124.136.173,20.124.136.176,20.124.136.30,20.124.136.199,20.124.136.234,20.124.137.81,20.124.137.83,20.120.54.108,20.124.137.91,20.124.137.98,20.124.137.101,20.81.7.239,20.88.169.28,20.88.169.29,20.120.52.15,20.124.136.32,20.120.54.58,20.120.55.147,20.120.55.171,20.119.16.1",
            "resource_group_name": "terraform_rg",
            "service_plan_id": "/subscriptions/11e07d93-b7de-44c1-b006-7218b5fb3180/resourceGroups/terraform_rg/providers/Microsoft.Web/serverfarms/terraformsnp-plan",
            "site_config": [
              {
                "always_on": true,
                "api_definition_url": "",
                "api_management_api_id": "",
                "app_command_line": "",
                "application_stack": [
                  {
                    "docker_image": "",
                    "docker_image_tag": "",
                    "dotnet_version": "",
                    "java_server": "",
                    "java_server_version": "",
                    "java_version": "",
                    "node_version": "",
                    "php_version": "",
                    "python_version": "",
                    "ruby_version": ""
                  }
                ],
                "auto_heal_enabled": false,
                "auto_heal_setting": [],
                "container_registry_managed_identity_client_id": "",
                "container_registry_use_managed_identity": false,
                "cors": [],
                "default_documents": [
                  "Default.htm",
                  "Default.html",
                  "Default.asp",
                  "index.htm",
                  "index.html",
                  "iisstart.htm",
                  "default.aspx",
                  "index.php",
                  "hostingstart.html"
                ],
                "detailed_error_logging_enabled": false,
                "ftps_state": "Disabled",
                "health_check_eviction_time_in_min": 0,
                "health_check_path": "",
                "http2_enabled": false,
                "ip_restriction": [],
                "linux_fx_version": "",
                "load_balancing_mode": "LeastRequests",
                "local_mysql_enabled": false,
                "managed_pipeline_mode": "Integrated",
                "minimum_tls_version": "1.2",
                "remote_debugging_enabled": false,
                "remote_debugging_version": "VS2019",
                "scm_ip_restriction": [],
                "scm_minimum_tls_version": "1.2",
                "scm_type": "None",
                "scm_use_main_ip_restriction": false,
                "use_32_bit_worker": true,
                "vnet_route_all_enabled": false,
                "websockets_enabled": false,
                "worker_count": 1
              }
            ],
            "site_credential": [
              {
                "name": "$terraformsnp-api-back",
                "password": "f7apL9dijKw0vie6XnBSnJeftiZmc1hQ8p8KHwjyle2FEx0RpR0MtQtb84We"
              }
            ],
            "storage_account": [],
            "tags": {},
            "timeouts": null
          },
          "sensitive_attributes": [],
          "private": "eyJlMmJmYjczMC1lY2FhLTExZTYtOGY4OC0zNDM2M2JjN2M0YzAiOnsiY3JlYXRlIjoxODAwMDAwMDAwMDAwLCJkZWxldGUiOjE4MDAwMDAwMDAwMDAsInJlYWQiOjMwMDAwMDAwMDAwMCwidXBkYXRlIjoxODAwMDAwMDAwMDAwfX0=",
          "dependencies": [
            "azurerm_app_service_plan.demo",
            "azurerm_resource_group.rg"
          ]
        }
      ]
    },
    {
      "mode": "managed",
      "type": "azurerm_log_analytics_workspace",
      "name": "work",
      "provider": "provider[\"registry.terraform.io/hashicorp/azurerm\"]",
      "instances": [
        {
          "schema_version": 2,
          "attributes": {
            "daily_quota_gb": -1,
            "id": "/subscriptions/11e07d93-b7de-44c1-b006-7218b5fb3180/resourceGroups/terraform_rg/providers/Microsoft.OperationalInsights/workspaces/terraformsnp-workspace",
            "internet_ingestion_enabled": true,
            "internet_query_enabled": true,
            "location": "eastus",
            "name": "terraformsnp-workspace",
            "primary_shared_key": "e6/0qn2yJO41eyD4XhMc1uyD37OK+FIGD+jYW35p8OK5MmyALrDxksKfmTjTT0yHePrOe7+FQAKvo4PxtqrTeQ==",
            "reservation_capacity_in_gb_per_day": null,
            "resource_group_name": "terraform_rg",
            "retention_in_days": 30,
            "secondary_shared_key": "QEjb8XhD1QUHyZWOytWJPK6vHXN6ouLmbut080+sYyqUghMhm8Ek5W+TMJCDXCYGhUgASRGmbqlYGipMLl1J9w==",
            "sku": "PerGB2018",
            "tags": {},
            "timeouts": null,
            "workspace_id": "82747a5c-8875-4758-9760-ad75553ed441"
          },
          "sensitive_attributes": [],
          "private": "eyJlMmJmYjczMC1lY2FhLTExZTYtOGY4OC0zNDM2M2JjN2M0YzAiOnsiY3JlYXRlIjoxODAwMDAwMDAwMDAwLCJkZWxldGUiOjE4MDAwMDAwMDAwMDAsInJlYWQiOjMwMDAwMDAwMDAwMCwidXBkYXRlIjoxODAwMDAwMDAwMDAwfSwic2NoZW1hX3ZlcnNpb24iOiIyIn0=",
          "dependencies": [
            "azurerm_resource_group.rg"
          ]
        }
      ]
    },
    {
      "mode": "managed",
      "type": "azurerm_mssql_server",
      "name": "serverdemo",
      "provider": "provider[\"registry.terraform.io/hashicorp/azurerm\"]",
      "instances": [
        {
          "schema_version": 0,
          "attributes": {
            "administrator_login": "snpadmin",
            "administrator_login_password": "snp@1234",
            "azuread_administrator": [],
            "connection_policy": "Default",
            "fully_qualified_domain_name": "terraformsnp.database.windows.net",
            "id": "/subscriptions/11e07d93-b7de-44c1-b006-7218b5fb3180/resourceGroups/terraform_rg/providers/Microsoft.Sql/servers/terraformsnp",
            "identity": [],
            "location": "eastus",
            "minimum_tls_version": "1.2",
            "name": "terraformsnp",
            "outbound_network_restriction_enabled": false,
            "primary_user_assigned_identity_id": "",
            "public_network_access_enabled": true,
            "resource_group_name": "terraform_rg",
            "restorable_dropped_database_ids": [],
            "tags": {},
            "timeouts": null,
            "version": "12.0"
          },
          "sensitive_attributes": [],
          "private": "eyJlMmJmYjczMC1lY2FhLTExZTYtOGY4OC0zNDM2M2JjN2M0YzAiOnsiY3JlYXRlIjozNjAwMDAwMDAwMDAwLCJkZWxldGUiOjM2MDAwMDAwMDAwMDAsInJlYWQiOjMwMDAwMDAwMDAwMCwidXBkYXRlIjozNjAwMDAwMDAwMDAwfX0=",
          "dependencies": [
            "azurerm_resource_group.rg"
          ]
        }
      ]
    },
    {
      "mode": "managed",
      "type": "azurerm_resource_group",
      "name": "rg",
      "provider": "provider[\"registry.terraform.io/hashicorp/azurerm\"]",
      "instances": [
        {
          "schema_version": 0,
          "attributes": {
            "id": "/subscriptions/11e07d93-b7de-44c1-b006-7218b5fb3180/resourceGroups/terraform_rg",
            "location": "eastus",
            "name": "terraform_rg",
            "tags": {},
            "timeouts": null
          },
          "sensitive_attributes": [],
          "private": "eyJlMmJmYjczMC1lY2FhLTExZTYtOGY4OC0zNDM2M2JjN2M0YzAiOnsiY3JlYXRlIjo1NDAwMDAwMDAwMDAwLCJkZWxldGUiOjU0MDAwMDAwMDAwMDAsInJlYWQiOjMwMDAwMDAwMDAwMCwidXBkYXRlIjo1NDAwMDAwMDAwMDAwfX0="
        }
      ]
    },
    {
      "mode": "managed",
      "type": "azurerm_storage_account",
      "name": "sa",
      "provider": "provider[\"registry.terraform.io/hashicorp/azurerm\"]",
      "instances": [
        {
          "schema_version": 3,
          "attributes": {
            "access_tier": "Hot",
            "account_kind": "StorageV2",
            "account_replication_type": "LRS",
            "account_tier": "Standard",
            "allow_nested_items_to_be_public": true,
            "azure_files_authentication": [],
            "blob_properties": [
              {
                "change_feed_enabled": false,
                "container_delete_retention_policy": [],
                "cors_rule": [
                  {
                    "allowed_headers": [
                      "*"
                    ],
                    "allowed_methods": [
                      "GET",
                      "POST",
                      "DELETE",
                      "HEAD",
                      "MERGE",
                      "OPTIONS",
                      "PUT",
                      "PATCH"
                    ],
                    "allowed_origins": [
                      "*"
                    ],
                    "exposed_headers": [
                      "*"
                    ],
                    "max_age_in_seconds": 86400
                  }
                ],
                "default_service_version": "",
                "delete_retention_policy": [],
                "last_access_time_enabled": false,
                "versioning_enabled": false
              }
            ],
            "custom_domain": [],
            "customer_managed_key": [],
            "edge_zone": "",
            "enable_https_traffic_only": true,
            "id": "/subscriptions/11e07d93-b7de-44c1-b006-7218b5fb3180/resourceGroups/terraform_rg/providers/Microsoft.Storage/storageAccounts/terraformsnp",
            "identity": [],
            "infrastructure_encryption_enabled": false,
            "is_hns_enabled": false,
            "large_file_share_enabled": null,
            "location": "eastus",
            "min_tls_version": "TLS1_2",
            "name": "terraformsnp",
            "network_rules": [
              {
                "bypass": [
                  "AzureServices"
                ],
                "default_action": "Allow",
                "ip_rules": [],
                "private_link_access": [],
                "virtual_network_subnet_ids": []
              }
            ],
            "nfsv3_enabled": false,
            "primary_access_key": "BnVPp82HWa80SFRiB5t9JyJ2IqqPHJyBZQlzGEMc+samijqYGaWfS5tW6EiDsI8k+wLLnEK0aVIj+AStyCLeOg==",
            "primary_blob_connection_string": "DefaultEndpointsProtocol=https;BlobEndpoint=https://terraformsnp.blob.core.windows.net/;AccountName=terraformsnp;AccountKey=BnVPp82HWa80SFRiB5t9JyJ2IqqPHJyBZQlzGEMc+samijqYGaWfS5tW6EiDsI8k+wLLnEK0aVIj+AStyCLeOg==",
            "primary_blob_endpoint": "https://terraformsnp.blob.core.windows.net/",
            "primary_blob_host": "terraformsnp.blob.core.windows.net",
            "primary_connection_string": "DefaultEndpointsProtocol=https;AccountName=terraformsnp;AccountKey=BnVPp82HWa80SFRiB5t9JyJ2IqqPHJyBZQlzGEMc+samijqYGaWfS5tW6EiDsI8k+wLLnEK0aVIj+AStyCLeOg==;EndpointSuffix=core.windows.net",
            "primary_dfs_endpoint": "https://terraformsnp.dfs.core.windows.net/",
            "primary_dfs_host": "terraformsnp.dfs.core.windows.net",
            "primary_file_endpoint": "https://terraformsnp.file.core.windows.net/",
            "primary_file_host": "terraformsnp.file.core.windows.net",
            "primary_location": "eastus",
            "primary_queue_endpoint": "https://terraformsnp.queue.core.windows.net/",
            "primary_queue_host": "terraformsnp.queue.core.windows.net",
            "primary_table_endpoint": "https://terraformsnp.table.core.windows.net/",
            "primary_table_host": "terraformsnp.table.core.windows.net",
            "primary_web_endpoint": "https://terraformsnp.z13.web.core.windows.net/",
            "primary_web_host": "terraformsnp.z13.web.core.windows.net",
            "queue_encryption_key_type": "Service",
            "queue_properties": [
              {
                "cors_rule": [],
                "hour_metrics": [
                  {
                    "enabled": true,
                    "include_apis": true,
                    "retention_policy_days": 7,
                    "version": "1.0"
                  }
                ],
                "logging": [
                  {
                    "delete": false,
                    "read": false,
                    "retention_policy_days": 0,
                    "version": "1.0",
                    "write": false
                  }
                ],
                "minute_metrics": [
                  {
                    "enabled": false,
                    "include_apis": false,
                    "retention_policy_days": 0,
                    "version": "1.0"
                  }
                ]
              }
            ],
            "resource_group_name": "terraform_rg",
            "routing": [],
            "secondary_access_key": "CKeQuh/5QCJDdAVG6OmKOausYWwHGPW/ZnRCCIOGgRKOPykobheU9s4EOuECarHJRbburPtzkZiZ+ASt25yqaQ==",
            "secondary_blob_connection_string": "",
            "secondary_blob_endpoint": null,
            "secondary_blob_host": null,
            "secondary_connection_string": "DefaultEndpointsProtocol=https;AccountName=terraformsnp;AccountKey=CKeQuh/5QCJDdAVG6OmKOausYWwHGPW/ZnRCCIOGgRKOPykobheU9s4EOuECarHJRbburPtzkZiZ+ASt25yqaQ==;EndpointSuffix=core.windows.net",
            "secondary_dfs_endpoint": null,
            "secondary_dfs_host": null,
            "secondary_file_endpoint": null,
            "secondary_file_host": null,
            "secondary_location": "",
            "secondary_queue_endpoint": null,
            "secondary_queue_host": null,
            "secondary_table_endpoint": null,
            "secondary_table_host": null,
            "secondary_web_endpoint": null,
            "secondary_web_host": null,
            "share_properties": [
              {
                "cors_rule": [],
                "retention_policy": [
                  {
                    "days": 7
                  }
                ],
                "smb": []
              }
            ],
            "shared_access_key_enabled": true,
            "static_website": [],
            "table_encryption_key_type": "Service",
            "tags": {},
            "timeouts": null
          },
          "sensitive_attributes": [],
          "private": "eyJlMmJmYjczMC1lY2FhLTExZTYtOGY4OC0zNDM2M2JjN2M0YzAiOnsiY3JlYXRlIjozNjAwMDAwMDAwMDAwLCJkZWxldGUiOjM2MDAwMDAwMDAwMDAsInJlYWQiOjMwMDAwMDAwMDAwMCwidXBkYXRlIjozNjAwMDAwMDAwMDAwfSwic2NoZW1hX3ZlcnNpb24iOiIzIn0=",
          "dependencies": [
            "azurerm_resource_group.rg"
          ]
        }
      ]
    }
  ],
  "check_results": null
}
